// !$*UTF8*$!
{
	archiveVersion = 1;
	classes = {
	};
	objectVersion = 55;
	objects = {

/* Begin PBXBuildFile section */
		EC7CE99F2A5F7EA90006951C /* AppDelegate.swift in Sources */ = {isa = PBXBuildFile; fileRef = EC7CE99E2A5F7EA90006951C /* AppDelegate.swift */; };
		EC7CE9A12A5F7EA90006951C /* SceneDelegate.swift in Sources */ = {isa = PBXBuildFile; fileRef = EC7CE9A02A5F7EA90006951C /* SceneDelegate.swift */; };
		EC7CE9A32A5F7EA90006951C /* ViewController.swift in Sources */ = {isa = PBXBuildFile; fileRef = EC7CE9A22A5F7EA90006951C /* ViewController.swift */; };
		EC7CE9A62A5F7EA90006951C /* Main.storyboard in Resources */ = {isa = PBXBuildFile; fileRef = EC7CE9A42A5F7EA90006951C /* Main.storyboard */; };
		EC7CE9A82A5F7EAC0006951C /* Assets.xcassets in Resources */ = {isa = PBXBuildFile; fileRef = EC7CE9A72A5F7EAC0006951C /* Assets.xcassets */; };
		EC7CE9AB2A5F7EAC0006951C /* LaunchScreen.storyboard in Resources */ = {isa = PBXBuildFile; fileRef = EC7CE9A92A5F7EAC0006951C /* LaunchScreen.storyboard */; };
		EC7CE9BA2A5F81FA0006951C /* MainTabController.swift in Sources */ = {isa = PBXBuildFile; fileRef = EC7CE9B92A5F81FA0006951C /* MainTabController.swift */; };
		EC7CE9BC2A5F841D0006951C /* FeedController.swift in Sources */ = {isa = PBXBuildFile; fileRef = EC7CE9BB2A5F841D0006951C /* FeedController.swift */; };
		EC7CE9BE2A5F84280006951C /* SearchController.swift in Sources */ = {isa = PBXBuildFile; fileRef = EC7CE9BD2A5F84280006951C /* SearchController.swift */; };
		EC7CE9C02A5F84380006951C /* ImageSelectorController.swift in Sources */ = {isa = PBXBuildFile; fileRef = EC7CE9BF2A5F84380006951C /* ImageSelectorController.swift */; };
		EC7CE9C22A5F84440006951C /* NotificationsController.swift in Sources */ = {isa = PBXBuildFile; fileRef = EC7CE9C12A5F84440006951C /* NotificationsController.swift */; };
		EC7CE9C42A5F84540006951C /* ProfileController.swift in Sources */ = {isa = PBXBuildFile; fileRef = EC7CE9C32A5F84540006951C /* ProfileController.swift */; };
		EC7CE9C62A5F9A570006951C /* FeedCell.swift in Sources */ = {isa = PBXBuildFile; fileRef = EC7CE9C52A5F9A570006951C /* FeedCell.swift */; };
		EC7CE9C82A5F9B3F0006951C /* Extensions.swift in Sources */ = {isa = PBXBuildFile; fileRef = EC7CE9C72A5F9B3F0006951C /* Extensions.swift */; };
		EC7CE9CC2A5F9EDF0006951C /* Protocols.swift in Sources */ = {isa = PBXBuildFile; fileRef = EC7CE9CB2A5F9EDF0006951C /* Protocols.swift */; };
		EC7CE9CF2A5FABC00006951C /* LoginViewController.swift in Sources */ = {isa = PBXBuildFile; fileRef = EC7CE9CE2A5FABC00006951C /* LoginViewController.swift */; };
		EC7CE9D12A5FABE60006951C /* RegistrationViewController.swift in Sources */ = {isa = PBXBuildFile; fileRef = EC7CE9D02A5FABE60006951C /* RegistrationViewController.swift */; };
/* End PBXBuildFile section */

/* Begin PBXFileReference section */
		EC7CE99B2A5F7EA90006951C /* Instagram.app */ = {isa = PBXFileReference; explicitFileType = wrapper.application; includeInIndex = 0; path = Instagram.app; sourceTree = BUILT_PRODUCTS_DIR; };
		EC7CE99E2A5F7EA90006951C /* AppDelegate.swift */ = {isa = PBXFileReference; lastKnownFileType = sourcecode.swift; path = AppDelegate.swift; sourceTree = "<group>"; };
		EC7CE9A02A5F7EA90006951C /* SceneDelegate.swift */ = {isa = PBXFileReference; lastKnownFileType = sourcecode.swift; path = SceneDelegate.swift; sourceTree = "<group>"; };
		EC7CE9A22A5F7EA90006951C /* ViewController.swift */ = {isa = PBXFileReference; lastKnownFileType = sourcecode.swift; path = ViewController.swift; sourceTree = "<group>"; };
		EC7CE9A52A5F7EA90006951C /* Base */ = {isa = PBXFileReference; lastKnownFileType = file.storyboard; name = Base; path = Base.lproj/Main.storyboard; sourceTree = "<group>"; };
		EC7CE9A72A5F7EAC0006951C /* Assets.xcassets */ = {isa = PBXFileReference; lastKnownFileType = folder.assetcatalog; path = Assets.xcassets; sourceTree = "<group>"; };
		EC7CE9AA2A5F7EAC0006951C /* Base */ = {isa = PBXFileReference; lastKnownFileType = file.storyboard; name = Base; path = Base.lproj/LaunchScreen.storyboard; sourceTree = "<group>"; };
		EC7CE9AC2A5F7EAC0006951C /* Info.plist */ = {isa = PBXFileReference; lastKnownFileType = text.plist.xml; path = Info.plist; sourceTree = "<group>"; };
		EC7CE9B92A5F81FA0006951C /* MainTabController.swift */ = {isa = PBXFileReference; lastKnownFileType = sourcecode.swift; path = MainTabController.swift; sourceTree = "<group>"; };
		EC7CE9BB2A5F841D0006951C /* FeedController.swift */ = {isa = PBXFileReference; lastKnownFileType = sourcecode.swift; path = FeedController.swift; sourceTree = "<group>"; };
		EC7CE9BD2A5F84280006951C /* SearchController.swift */ = {isa = PBXFileReference; lastKnownFileType = sourcecode.swift; path = SearchController.swift; sourceTree = "<group>"; };
		EC7CE9BF2A5F84380006951C /* ImageSelectorController.swift */ = {isa = PBXFileReference; lastKnownFileType = sourcecode.swift; path = ImageSelectorController.swift; sourceTree = "<group>"; };
		EC7CE9C12A5F84440006951C /* NotificationsController.swift */ = {isa = PBXFileReference; lastKnownFileType = sourcecode.swift; path = NotificationsController.swift; sourceTree = "<group>"; };
		EC7CE9C32A5F84540006951C /* ProfileController.swift */ = {isa = PBXFileReference; lastKnownFileType = sourcecode.swift; path = ProfileController.swift; sourceTree = "<group>"; };
		EC7CE9C52A5F9A570006951C /* FeedCell.swift */ = {isa = PBXFileReference; lastKnownFileType = sourcecode.swift; path = FeedCell.swift; sourceTree = "<group>"; };
		EC7CE9C72A5F9B3F0006951C /* Extensions.swift */ = {isa = PBXFileReference; fileEncoding = 4; lastKnownFileType = sourcecode.swift; path = Extensions.swift; sourceTree = "<group>"; };
		EC7CE9CB2A5F9EDF0006951C /* Protocols.swift */ = {isa = PBXFileReference; lastKnownFileType = sourcecode.swift; path = Protocols.swift; sourceTree = "<group>"; };
		EC7CE9CE2A5FABC00006951C /* LoginViewController.swift */ = {isa = PBXFileReference; lastKnownFileType = sourcecode.swift; path = LoginViewController.swift; sourceTree = "<group>"; };
		EC7CE9D02A5FABE60006951C /* RegistrationViewController.swift */ = {isa = PBXFileReference; lastKnownFileType = sourcecode.swift; path = RegistrationViewController.swift; sourceTree = "<group>"; };
/* End PBXFileReference section */

/* Begin PBXFrameworksBuildPhase section */
		EC7CE9982A5F7EA90006951C /* Frameworks */ = {
			isa = PBXFrameworksBuildPhase;
			buildActionMask = 2147483647;
			files = (
			);
			runOnlyForDeploymentPostprocessing = 0;
		};
/* End PBXFrameworksBuildPhase section */

/* Begin PBXGroup section */
		EC7CE9922A5F7EA90006951C = {
			isa = PBXGroup;
			children = (
				EC7CE99D2A5F7EA90006951C /* Instagram */,
				EC7CE99C2A5F7EA90006951C /* Products */,
			);
			sourceTree = "<group>";
		};
		EC7CE99C2A5F7EA90006951C /* Products */ = {
			isa = PBXGroup;
			children = (
				EC7CE99B2A5F7EA90006951C /* Instagram.app */,
			);
			name = Products;
			sourceTree = "<group>";
		};
		EC7CE99D2A5F7EA90006951C /* Instagram */ = {
			isa = PBXGroup;
			children = (
				EC7CE9B82A5F800A0006951C /* Model */,
				EC7CE9B72A5F80090006951C /* View */,
				EC7CE9B62A5F80070006951C /* ViewModel */,
				EC7CE9B52A5F80050006951C /* Controller */,
				EC7CE9B32A5F7FFD0006951C /* API */,
				EC7CE9B22A5F7FE10006951C /* Utils */,
				EC7CE99E2A5F7EA90006951C /* AppDelegate.swift */,
				EC7CE9A02A5F7EA90006951C /* SceneDelegate.swift */,
				EC7CE9A22A5F7EA90006951C /* ViewController.swift */,
				EC7CE9A42A5F7EA90006951C /* Main.storyboard */,
				EC7CE9A72A5F7EAC0006951C /* Assets.xcassets */,
				EC7CE9A92A5F7EAC0006951C /* LaunchScreen.storyboard */,
				EC7CE9AC2A5F7EAC0006951C /* Info.plist */,
			);
			path = Instagram;
			sourceTree = "<group>";
		};
		EC7CE9B22A5F7FE10006951C /* Utils */ = {
			isa = PBXGroup;
			children = (
				EC7CE9C72A5F9B3F0006951C /* Extensions.swift */,
				EC7CE9CB2A5F9EDF0006951C /* Protocols.swift */,
			);
			path = Utils;
			sourceTree = "<group>";
		};
		EC7CE9B32A5F7FFD0006951C /* API */ = {
			isa = PBXGroup;
			children = (
			);
			path = API;
			sourceTree = "<group>";
		};
		EC7CE9B52A5F80050006951C /* Controller */ = {
			isa = PBXGroup;
			children = (
				EC7CE9CD2A5FAB940006951C /* Authentication */,
				EC7CE9B92A5F81FA0006951C /* MainTabController.swift */,
				EC7CE9BB2A5F841D0006951C /* FeedController.swift */,
				EC7CE9BD2A5F84280006951C /* SearchController.swift */,
				EC7CE9BF2A5F84380006951C /* ImageSelectorController.swift */,
				EC7CE9C12A5F84440006951C /* NotificationsController.swift */,
				EC7CE9C32A5F84540006951C /* ProfileController.swift */,
			);
			path = Controller;
			sourceTree = "<group>";
		};
		EC7CE9B62A5F80070006951C /* ViewModel */ = {
			isa = PBXGroup;
			children = (
			);
			path = ViewModel;
			sourceTree = "<group>";
		};
		EC7CE9B72A5F80090006951C /* View */ = {
			isa = PBXGroup;
			children = (
				EC7CE9C52A5F9A570006951C /* FeedCell.swift */,
			);
			path = View;
			sourceTree = "<group>";
		};
		EC7CE9B82A5F800A0006951C /* Model */ = {
			isa = PBXGroup;
			children = (
			);
			path = Model;
			sourceTree = "<group>";
		};
		EC7CE9CD2A5FAB940006951C /* Authentication */ = {
			isa = PBXGroup;
			children = (
				EC7CE9CE2A5FABC00006951C /* LoginViewController.swift */,
				EC7CE9D02A5FABE60006951C /* RegistrationViewController.swift */,
			);
			path = Authentication;
			sourceTree = "<group>";
		};
/* End PBXGroup section */

/* Begin PBXNativeTarget section */
		EC7CE99A2A5F7EA90006951C /* Instagram */ = {
			isa = PBXNativeTarget;
			buildConfigurationList = EC7CE9AF2A5F7EAC0006951C /* Build configuration list for PBXNativeTarget "Instagram" */;
			buildPhases = (
				EC7CE9972A5F7EA90006951C /* Sources */,
				EC7CE9982A5F7EA90006951C /* Frameworks */,
				EC7CE9992A5F7EA90006951C /* Resources */,
			);
			buildRules = (
			);
			dependencies = (
			);
			name = Instagram;
			productName = Instagram;
			productReference = EC7CE99B2A5F7EA90006951C /* Instagram.app */;
			productType = "com.apple.product-type.application";
		};
/* End PBXNativeTarget section */

/* Begin PBXProject section */
		EC7CE9932A5F7EA90006951C /* Project object */ = {
			isa = PBXProject;
			attributes = {
				BuildIndependentTargetsInParallel = 1;
				LastSwiftUpdateCheck = 1300;
				LastUpgradeCheck = 1300;
				TargetAttributes = {
					EC7CE99A2A5F7EA90006951C = {
						CreatedOnToolsVersion = 13.0;
					};
				};
			};
			buildConfigurationList = EC7CE9962A5F7EA90006951C /* Build configuration list for PBXProject "Instagram" */;
			compatibilityVersion = "Xcode 13.0";
			developmentRegion = en;
			hasScannedForEncodings = 0;
			knownRegions = (
				en,
				Base,
			);
			mainGroup = EC7CE9922A5F7EA90006951C;
			productRefGroup = EC7CE99C2A5F7EA90006951C /* Products */;
			projectDirPath = "";
			projectRoot = "";
			targets = (
				EC7CE99A2A5F7EA90006951C /* Instagram */,
			);
		};
/* End PBXProject section */

/* Begin PBXResourcesBuildPhase section */
		EC7CE9992A5F7EA90006951C /* Resources */ = {
			isa = PBXResourcesBuildPhase;
			buildActionMask = 2147483647;
			files = (
				EC7CE9AB2A5F7EAC0006951C /* LaunchScreen.storyboard in Resources */,
				EC7CE9A82A5F7EAC0006951C /* Assets.xcassets in Resources */,
				EC7CE9A62A5F7EA90006951C /* Main.storyboard in Resources */,
			);
			runOnlyForDeploymentPostprocessing = 0;
		};
/* End PBXResourcesBuildPhase section */

/* Begin PBXSourcesBuildPhase section */
		EC7CE9972A5F7EA90006951C /* Sources */ = {
			isa = PBXSourcesBuildPhase;
			buildActionMask = 2147483647;
			files = (
				EC7CE9A32A5F7EA90006951C /* ViewController.swift in Sources */,
				EC7CE9C62A5F9A570006951C /* FeedCell.swift in Sources */,
				EC7CE9C02A5F84380006951C /* ImageSelectorController.swift in Sources */,
				EC7CE9CC2A5F9EDF0006951C /* Protocols.swift in Sources */,
				EC7CE9D12A5FABE60006951C /* RegistrationViewController.swift in Sources */,
				EC7CE9BE2A5F84280006951C /* SearchController.swift in Sources */,
				EC7CE99F2A5F7EA90006951C /* AppDelegate.swift in Sources */,
				EC7CE9BC2A5F841D0006951C /* FeedController.swift in Sources */,
				EC7CE9C42A5F84540006951C /* ProfileController.swift in Sources */,
				EC7CE9BA2A5F81FA0006951C /* MainTabController.swift in Sources */,
				EC7CE9C22A5F84440006951C /* NotificationsController.swift in Sources */,
				EC7CE9C82A5F9B3F0006951C /* Extensions.swift in Sources */,
				EC7CE9CF2A5FABC00006951C /* LoginViewController.swift in Sources */,
				EC7CE9A12A5F7EA90006951C /* SceneDelegate.swift in Sources */,
			);
			runOnlyForDeploymentPostprocessing = 0;
		};
/* End PBXSourcesBuildPhase section */

/* Begin PBXVariantGroup section */
		EC7CE9A42A5F7EA90006951C /* Main.storyboard */ = {
			isa = PBXVariantGroup;
			children = (
				EC7CE9A52A5F7EA90006951C /* Base */,
			);
			name = Main.storyboard;
			sourceTree = "<group>";
		};
		EC7CE9A92A5F7EAC0006951C /* LaunchScreen.storyboard */ = {
			isa = PBXVariantGroup;
			children = (
				EC7CE9AA2A5F7EAC0006951C /* Base */,
			);
			name = LaunchScreen.storyboard;
			sourceTree = "<group>";
		};
/* End PBXVariantGroup section */

/* Begin XCBuildConfiguration section */
		EC7CE9AD2A5F7EAC0006951C /* Debug */ = {
			isa = XCBuildConfiguration;
			buildSettings = {
				ALWAYS_SEARCH_USER_PATHS = NO;
				CLANG_ANALYZER_NONNULL = YES;
				CLANG_ANALYZER_NUMBER_OBJECT_CONVERSION = YES_AGGRESSIVE;
				CLANG_CXX_LANGUAGE_STANDARD = "gnu++17";
				CLANG_CXX_LIBRARY = "libc++";
				CLANG_ENABLE_MODULES = YES;
				CLANG_ENABLE_OBJC_ARC = YES;
				CLANG_ENABLE_OBJC_WEAK = YES;
				CLANG_WARN_BLOCK_CAPTURE_AUTORELEASING = YES;
				CLANG_WARN_BOOL_CONVERSION = YES;
				CLANG_WARN_COMMA = YES;
				CLANG_WARN_CONSTANT_CONVERSION = YES;
				CLANG_WARN_DEPRECATED_OBJC_IMPLEMENTATIONS = YES;
				CLANG_WARN_DIRECT_OBJC_ISA_USAGE = YES_ERROR;
				CLANG_WARN_DOCUMENTATION_COMMENTS = YES;
				CLANG_WARN_EMPTY_BODY = YES;
				CLANG_WARN_ENUM_CONVERSION = YES;
				CLANG_WARN_INFINITE_RECURSION = YES;
				CLANG_WARN_INT_CONVERSION = YES;
				CLANG_WARN_NON_LITERAL_NULL_CONVERSION = YES;
				CLANG_WARN_OBJC_IMPLICIT_RETAIN_SELF = YES;
				CLANG_WARN_OBJC_LITERAL_CONVERSION = YES;
				CLANG_WARN_OBJC_ROOT_CLASS = YES_ERROR;
				CLANG_WARN_QUOTED_INCLUDE_IN_FRAMEWORK_HEADER = YES;
				CLANG_WARN_RANGE_LOOP_ANALYSIS = YES;
				CLANG_WARN_STRICT_PROTOTYPES = YES;
				CLANG_WARN_SUSPICIOUS_MOVE = YES;
				CLANG_WARN_UNGUARDED_AVAILABILITY = YES_AGGRESSIVE;
				CLANG_WARN_UNREACHABLE_CODE = YES;
				CLANG_WARN__DUPLICATE_METHOD_MATCH = YES;
				COPY_PHASE_STRIP = NO;
				DEBUG_INFORMATION_FORMAT = dwarf;
				ENABLE_STRICT_OBJC_MSGSEND = YES;
				ENABLE_TESTABILITY = YES;
				GCC_C_LANGUAGE_STANDARD = gnu11;
				GCC_DYNAMIC_NO_PIC = NO;
				GCC_NO_COMMON_BLOCKS = YES;
				GCC_OPTIMIZATION_LEVEL = 0;
				GCC_PREPROCESSOR_DEFINITIONS = (
					"DEBUG=1",
					"$(inherited)",
				);
				GCC_WARN_64_TO_32_BIT_CONVERSION = YES;
				GCC_WARN_ABOUT_RETURN_TYPE = YES_ERROR;
				GCC_WARN_UNDECLARED_SELECTOR = YES;
				GCC_WARN_UNINITIALIZED_AUTOS = YES_AGGRESSIVE;
				GCC_WARN_UNUSED_FUNCTION = YES;
				GCC_WARN_UNUSED_VARIABLE = YES;
				IPHONEOS_DEPLOYMENT_TARGET = 15.0;
				MTL_ENABLE_DEBUG_INFO = INCLUDE_SOURCE;
				MTL_FAST_MATH = YES;
				ONLY_ACTIVE_ARCH = YES;
				SDKROOT = iphoneos;
				SWIFT_ACTIVE_COMPILATION_CONDITIONS = DEBUG;
				SWIFT_OPTIMIZATION_LEVEL = "-Onone";
			};
			name = Debug;
		};
		EC7CE9AE2A5F7EAC0006951C /* Release */ = {
			isa = XCBuildConfiguration;
			buildSettings = {
				ALWAYS_SEARCH_USER_PATHS = NO;
				CLANG_ANALYZER_NONNULL = YES;
				CLANG_ANALYZER_NUMBER_OBJECT_CONVERSION = YES_AGGRESSIVE;
				CLANG_CXX_LANGUAGE_STANDARD = "gnu++17";
				CLANG_CXX_LIBRARY = "libc++";
				CLANG_ENABLE_MODULES = YES;
				CLANG_ENABLE_OBJC_ARC = YES;
				CLANG_ENABLE_OBJC_WEAK = YES;
				CLANG_WARN_BLOCK_CAPTURE_AUTORELEASING = YES;
				CLANG_WARN_BOOL_CONVERSION = YES;
				CLANG_WARN_COMMA = YES;
				CLANG_WARN_CONSTANT_CONVERSION = YES;
				CLANG_WARN_DEPRECATED_OBJC_IMPLEMENTATIONS = YES;
				CLANG_WARN_DIRECT_OBJC_ISA_USAGE = YES_ERROR;
				CLANG_WARN_DOCUMENTATION_COMMENTS = YES;
				CLANG_WARN_EMPTY_BODY = YES;
				CLANG_WARN_ENUM_CONVERSION = YES;
				CLANG_WARN_INFINITE_RECURSION = YES;
				CLANG_WARN_INT_CONVERSION = YES;
				CLANG_WARN_NON_LITERAL_NULL_CONVERSION = YES;
				CLANG_WARN_OBJC_IMPLICIT_RETAIN_SELF = YES;
				CLANG_WARN_OBJC_LITERAL_CONVERSION = YES;
				CLANG_WARN_OBJC_ROOT_CLASS = YES_ERROR;
				CLANG_WARN_QUOTED_INCLUDE_IN_FRAMEWORK_HEADER = YES;
				CLANG_WARN_RANGE_LOOP_ANALYSIS = YES;
				CLANG_WARN_STRICT_PROTOTYPES = YES;
				CLANG_WARN_SUSPICIOUS_MOVE = YES;
				CLANG_WARN_UNGUARDED_AVAILABILITY = YES_AGGRESSIVE;
				CLANG_WARN_UNREACHABLE_CODE = YES;
				CLANG_WARN__DUPLICATE_METHOD_MATCH = YES;
				COPY_PHASE_STRIP = NO;
				DEBUG_INFORMATION_FORMAT = "dwarf-with-dsym";
				ENABLE_NS_ASSERTIONS = NO;
				ENABLE_STRICT_OBJC_MSGSEND = YES;
				GCC_C_LANGUAGE_STANDARD = gnu11;
				GCC_NO_COMMON_BLOCKS = YES;
				GCC_WARN_64_TO_32_BIT_CONVERSION = YES;
				GCC_WARN_ABOUT_RETURN_TYPE = YES_ERROR;
				GCC_WARN_UNDECLARED_SELECTOR = YES;
				GCC_WARN_UNINITIALIZED_AUTOS = YES_AGGRESSIVE;
				GCC_WARN_UNUSED_FUNCTION = YES;
				GCC_WARN_UNUSED_VARIABLE = YES;
				IPHONEOS_DEPLOYMENT_TARGET = 15.0;
				MTL_ENABLE_DEBUG_INFO = NO;
				MTL_FAST_MATH = YES;
				SDKROOT = iphoneos;
				SWIFT_COMPILATION_MODE = wholemodule;
				SWIFT_OPTIMIZATION_LEVEL = "-O";
				VALIDATE_PRODUCT = YES;
			};
			name = Release;
		};
		EC7CE9B02A5F7EAC0006951C /* Debug */ = {
			isa = XCBuildConfiguration;
			buildSettings = {
				ASSETCATALOG_COMPILER_APPICON_NAME = AppIcon;
				ASSETCATALOG_COMPILER_GLOBAL_ACCENT_COLOR_NAME = AccentColor;
				CODE_SIGN_STYLE = Automatic;
				CURRENT_PROJECT_VERSION = 1;
				DEVELOPMENT_TEAM = AQ8G69GT7J;
				GENERATE_INFOPLIST_FILE = YES;
				INFOPLIST_FILE = Instagram/Info.plist;
				INFOPLIST_KEY_UIApplicationSupportsIndirectInputEvents = YES;
				INFOPLIST_KEY_UILaunchStoryboardName = LaunchScreen;
				INFOPLIST_KEY_UIMainStoryboardFile = Main;
				INFOPLIST_KEY_UISupportedInterfaceOrientations_iPad = "UIInterfaceOrientationPortrait UIInterfaceOrientationPortraitUpsideDown UIInterfaceOrientationLandscapeLeft UIInterfaceOrientationLandscapeRight";
				INFOPLIST_KEY_UISupportedInterfaceOrientations_iPhone = "UIInterfaceOrientationPortrait UIInterfaceOrientationLandscapeLeft UIInterfaceOrientationLandscapeRight";
				LD_RUNPATH_SEARCH_PATHS = (
					"$(inherited)",
					"@executable_path/Frameworks",
				);
				MARKETING_VERSION = 1.0;
				PRODUCT_BUNDLE_IDENTIFIER = AlexAndre.Instagram;
				PRODUCT_NAME = "$(TARGET_NAME)";
				SWIFT_EMIT_LOC_STRINGS = YES;
				SWIFT_VERSION = 5.0;
				TARGETED_DEVICE_FAMILY = "1,2";
			};
			name = Debug;
		};
		EC7CE9B12A5F7EAC0006951C /* Release */ = {
			isa = XCBuildConfiguration;
			buildSettings = {
				ASSETCATALOG_COMPILER_APPICON_NAME = AppIcon;
				ASSETCATALOG_COMPILER_GLOBAL_ACCENT_COLOR_NAME = AccentColor;
				CODE_SIGN_STYLE = Automatic;
				CURRENT_PROJECT_VERSION = 1;
				DEVELOPMENT_TEAM = AQ8G69GT7J;
				GENERATE_INFOPLIST_FILE = YES;
				INFOPLIST_FILE = Instagram/Info.plist;
				INFOPLIST_KEY_UIApplicationSupportsIndirectInputEvents = YES;
				INFOPLIST_KEY_UILaunchStoryboardName = LaunchScreen;
				INFOPLIST_KEY_UIMainStoryboardFile = Main;
				INFOPLIST_KEY_UISupportedInterfaceOrientations_iPad = "UIInterfaceOrientationPortrait UIInterfaceOrientationPortraitUpsideDown UIInterfaceOrientationLandscapeLeft UIInterfaceOrientationLandscapeRight";
				INFOPLIST_KEY_UISupportedInterfaceOrientations_iPhone = "UIInterfaceOrientationPortrait UIInterfaceOrientationLandscapeLeft UIInterfaceOrientationLandscapeRight";
				LD_RUNPATH_SEARCH_PATHS = (
					"$(inherited)",
					"@executable_path/Frameworks",
				);
				MARKETING_VERSION = 1.0;
				PRODUCT_BUNDLE_IDENTIFIER = AlexAndre.Instagram;
				PRODUCT_NAME = "$(TARGET_NAME)";
				SWIFT_EMIT_LOC_STRINGS = YES;
				SWIFT_VERSION = 5.0;
				TARGETED_DEVICE_FAMILY = "1,2";
			};
			name = Release;
		};
/* End XCBuildConfiguration section */

/* Begin XCConfigurationList section */
		EC7CE9962A5F7EA90006951C /* Build configuration list for PBXProject "Instagram" */ = {
			isa = XCConfigurationList;
			buildConfigurations = (
				EC7CE9AD2A5F7EAC0006951C /* Debug */,
				EC7CE9AE2A5F7EAC0006951C /* Release */,
			);
			defaultConfigurationIsVisible = 0;
			defaultConfigurationName = Release;
		};
		EC7CE9AF2A5F7EAC0006951C /* Build configuration list for PBXNativeTarget "Instagram" */ = {
			isa = XCConfigurationList;
			buildConfigurations = (
				EC7CE9B02A5F7EAC0006951C /* Debug */,
				EC7CE9B12A5F7EAC0006951C /* Release */,
			);
			defaultConfigurationIsVisible = 0;
			defaultConfigurationName = Release;
		};
/* End XCConfigurationList section */
	};
	rootObject = EC7CE9932A5F7EA90006951C /* Project object */;
}
